
Microsoft Visual Studio Solution File, Format Version 12.00
# Visual Studio Version 16
VisualStudioVersion = 16.0.29519.87
MinimumVisualStudioVersion = 10.0.40219.1
Project("{FAE04EC0-301F-11D3-BF4B-00C04F79EFBC}") = "AdventOfCode", "AdventOfCode\AdventOfCode.csproj", "{0F8D6764-FD5C-4304-BE19-55C1B22EB8AA}"
EndProject
Global
	GlobalSection(SolutionConfigurationPlatforms) = preSolution
		Debug|Any CPU = Debug|Any CPU
		Release|Any CPU = Release|Any CPU
	EndGlobalSection
	GlobalSection(ProjectConfigurationPlatforms) = postSolution
		{0F8D6764-FD5C-4304-BE19-55C1B22EB8AA}.Debug|Any CPU.ActiveCfg = Debug|Any CPU
		{0F8D6764-FD5C-4304-BE19-55C1B22EB8AA}.Debug|Any CPU.Build.0 = Debug|Any CPU
		{0F8D6764-FD5C-4304-BE19-55C1B22EB8AA}.Release|Any CPU.ActiveCfg = Release|Any CPU
		{0F8D6764-FD5C-4304-BE19-55C1B22EB8AA}.Release|Any CPU.Build.0 = Release|Any CPU
	EndGlobalSection
	GlobalSection(SolutionProperties) = preSolution
		HideSolutionNode = FALSE
	EndGlobalSection
	GlobalSection(ExtensibilityGlobals) = postSolution
		SolutionGuid = {33B4E60B-6DFA-46BF-953B-EFEFC45FEA30}
	EndGlobalSection
EndGlobal
