
Microsoft Visual Studio Solution File, Format Version 12.00
# Visual Studio Version 16
VisualStudioVersion = 16.0.29519.87
MinimumVisualStudioVersion = 10.0.40219.1
Project("{FAE04EC0-301F-11D3-BF4B-00C04F79EFBC}") = "AdventOfCode", "AdventOfCode\AdventOfCode.csproj", "{0F8D6764-FD5C-4304-BE19-55C1B22EB8AA}"
EndProject
Project("{9A19103F-16F7-4668-BE54-9A1E7A4F7556}") = "AdventOfCode2017", "AdventOfCode.2017\AdventOfCode2017.csproj", "{62E4F87F-F57B-4F50-8EC6-B20A5AF3B1D2}"
EndProject
Project("{9A19103F-16F7-4668-BE54-9A1E7A4F7556}") = "AdventOfCode2020", "AdventOfCode2020\AdventOfCode2020.csproj", "{42D76DA3-ECE6-48D6-A348-320BBBC225E8}"
EndProject
Project("{9A19103F-16F7-4668-BE54-9A1E7A4F7556}") = "AdventOfCode.Library", "AdventOfCode.Library\AdventOfCode.Library.csproj", "{BEE364F8-D542-4D47-88C9-07073C098ABB}"
EndProject
Project("{9A19103F-16F7-4668-BE54-9A1E7A4F7556}") = "AdventOfCode2020.Tests", "AdventOfCode2020.Tests\AdventOfCode2020.Tests.csproj", "{35AA7D53-D15A-41EB-AAFC-1E0E748642F0}"
EndProject
Project("{FAE04EC0-301F-11D3-BF4B-00C04F79EFBC}") = "AdventOfCode2021", "AdventOfCode2021\AdventOfCode2021.csproj", "{79618C3B-7ED1-472F-B3C4-2DDD06D581DE}"
EndProject
Global
	GlobalSection(SolutionConfigurationPlatforms) = preSolution
		Debug|Any CPU = Debug|Any CPU
		Release|Any CPU = Release|Any CPU
	EndGlobalSection
	GlobalSection(ProjectConfigurationPlatforms) = postSolution
		{0F8D6764-FD5C-4304-BE19-55C1B22EB8AA}.Debug|Any CPU.ActiveCfg = Debug|Any CPU
		{0F8D6764-FD5C-4304-BE19-55C1B22EB8AA}.Debug|Any CPU.Build.0 = Debug|Any CPU
		{0F8D6764-FD5C-4304-BE19-55C1B22EB8AA}.Release|Any CPU.ActiveCfg = Release|Any CPU
		{0F8D6764-FD5C-4304-BE19-55C1B22EB8AA}.Release|Any CPU.Build.0 = Release|Any CPU
		{62E4F87F-F57B-4F50-8EC6-B20A5AF3B1D2}.Debug|Any CPU.ActiveCfg = Debug|Any CPU
		{62E4F87F-F57B-4F50-8EC6-B20A5AF3B1D2}.Debug|Any CPU.Build.0 = Debug|Any CPU
		{62E4F87F-F57B-4F50-8EC6-B20A5AF3B1D2}.Release|Any CPU.ActiveCfg = Release|Any CPU
		{62E4F87F-F57B-4F50-8EC6-B20A5AF3B1D2}.Release|Any CPU.Build.0 = Release|Any CPU
		{42D76DA3-ECE6-48D6-A348-320BBBC225E8}.Debug|Any CPU.ActiveCfg = Debug|Any CPU
		{42D76DA3-ECE6-48D6-A348-320BBBC225E8}.Debug|Any CPU.Build.0 = Debug|Any CPU
		{42D76DA3-ECE6-48D6-A348-320BBBC225E8}.Release|Any CPU.ActiveCfg = Release|Any CPU
		{42D76DA3-ECE6-48D6-A348-320BBBC225E8}.Release|Any CPU.Build.0 = Release|Any CPU
		{BEE364F8-D542-4D47-88C9-07073C098ABB}.Debug|Any CPU.ActiveCfg = Debug|Any CPU
		{BEE364F8-D542-4D47-88C9-07073C098ABB}.Debug|Any CPU.Build.0 = Debug|Any CPU
		{BEE364F8-D542-4D47-88C9-07073C098ABB}.Release|Any CPU.ActiveCfg = Release|Any CPU
		{BEE364F8-D542-4D47-88C9-07073C098ABB}.Release|Any CPU.Build.0 = Release|Any CPU
		{35AA7D53-D15A-41EB-AAFC-1E0E748642F0}.Debug|Any CPU.ActiveCfg = Debug|Any CPU
		{35AA7D53-D15A-41EB-AAFC-1E0E748642F0}.Debug|Any CPU.Build.0 = Debug|Any CPU
		{35AA7D53-D15A-41EB-AAFC-1E0E748642F0}.Release|Any CPU.ActiveCfg = Release|Any CPU
		{35AA7D53-D15A-41EB-AAFC-1E0E748642F0}.Release|Any CPU.Build.0 = Release|Any CPU
		{79618C3B-7ED1-472F-B3C4-2DDD06D581DE}.Debug|Any CPU.ActiveCfg = Debug|Any CPU
		{79618C3B-7ED1-472F-B3C4-2DDD06D581DE}.Debug|Any CPU.Build.0 = Debug|Any CPU
		{79618C3B-7ED1-472F-B3C4-2DDD06D581DE}.Release|Any CPU.ActiveCfg = Release|Any CPU
		{79618C3B-7ED1-472F-B3C4-2DDD06D581DE}.Release|Any CPU.Build.0 = Release|Any CPU
	EndGlobalSection
	GlobalSection(SolutionProperties) = preSolution
		HideSolutionNode = FALSE
	EndGlobalSection
	GlobalSection(ExtensibilityGlobals) = postSolution
		SolutionGuid = {33B4E60B-6DFA-46BF-953B-EFEFC45FEA30}
	EndGlobalSection
EndGlobal
